
Microsoft Visual Studio Solution File, Format Version 12.00
# Visual Studio Version 17
VisualStudioVersion = 17.10.34916.146
MinimumVisualStudioVersion = 10.0.40219.1
Project("{FAE04EC0-301F-11D3-BF4B-00C04F79EFBC}") = "BStorm.Tools.Database", "BStorm.Tools.Database\BStorm.Tools.Database.csproj", "{9608F2F6-4E47-4759-97DA-E2F91A7735A0}"
EndProject
Global
	GlobalSection(SolutionConfigurationPlatforms) = preSolution
		Debug|Any CPU = Debug|Any CPU
		Release|Any CPU = Release|Any CPU
	EndGlobalSection
	GlobalSection(ProjectConfigurationPlatforms) = postSolution
		{9608F2F6-4E47-4759-97DA-E2F91A7735A0}.Debug|Any CPU.ActiveCfg = Debug|Any CPU
		{9608F2F6-4E47-4759-97DA-E2F91A7735A0}.Debug|Any CPU.Build.0 = Debug|Any CPU
		{9608F2F6-4E47-4759-97DA-E2F91A7735A0}.Release|Any CPU.ActiveCfg = Release|Any CPU
		{9608F2F6-4E47-4759-97DA-E2F91A7735A0}.Release|Any CPU.Build.0 = Release|Any CPU
	EndGlobalSection
	GlobalSection(SolutionProperties) = preSolution
		HideSolutionNode = FALSE
	EndGlobalSection
	GlobalSection(ExtensibilityGlobals) = postSolution
		SolutionGuid = {13982B47-75FD-47DB-94B5-A811A3CFC03A}
	EndGlobalSection
EndGlobal
